// !$*UTF8*$!
{
	archiveVersion = 1;
	classes = {
	};
	objectVersion = 50;
	objects = {

/* Begin PBXBuildFile section */
		772F8A0727D388E800984A19 /* NavItemsDelegate.swift in Sources */ = {isa = PBXBuildFile; fileRef = 772F8A0627D388E800984A19 /* NavItemsDelegate.swift */; };
		772F8A0927D398FA00984A19 /* ErrorDisplayProtocol.swift in Sources */ = {isa = PBXBuildFile; fileRef = 772F8A0827D398FA00984A19 /* ErrorDisplayProtocol.swift */; };
		772F8A0B27D399D700984A19 /* BaseRepository.swift in Sources */ = {isa = PBXBuildFile; fileRef = 772F8A0A27D399D700984A19 /* BaseRepository.swift */; };
		772F8A0D27D39E2100984A19 /* RecordDeleteProtocol.swift in Sources */ = {isa = PBXBuildFile; fileRef = 772F8A0C27D39E2100984A19 /* RecordDeleteProtocol.swift */; };
		772F8A0F27D39ED200984A19 /* RecordProtocol.swift in Sources */ = {isa = PBXBuildFile; fileRef = 772F8A0E27D39ED200984A19 /* RecordProtocol.swift */; };
		772F8A1127D3A8AE00984A19 /* RecordChangesDelegate.swift in Sources */ = {isa = PBXBuildFile; fileRef = 772F8A1027D3A8AE00984A19 /* RecordChangesDelegate.swift */; };
		772F8A2B27D3C51F00984A19 /* CDContact+CoreDataClass.swift in Sources */ = {isa = PBXBuildFile; fileRef = 772F8A2927D3C51F00984A19 /* CDContact+CoreDataClass.swift */; };
		772F8A2C27D3C51F00984A19 /* CDContact+CoreDataProperties.swift in Sources */ = {isa = PBXBuildFile; fileRef = 772F8A2A27D3C51F00984A19 /* CDContact+CoreDataProperties.swift */; };
		772F8A3C27D3C5AB00984A19 /* CDContactGroup+CoreDataClass.swift in Sources */ = {isa = PBXBuildFile; fileRef = 772F8A3827D3C5AB00984A19 /* CDContactGroup+CoreDataClass.swift */; };
		772F8A3D27D3C5AB00984A19 /* CDContactGroup+CoreDataProperties.swift in Sources */ = {isa = PBXBuildFile; fileRef = 772F8A3927D3C5AB00984A19 /* CDContactGroup+CoreDataProperties.swift */; };
		772F8A4027D3C67E00984A19 /* CDContactGroup+Extensions.swift in Sources */ = {isa = PBXBuildFile; fileRef = 772F8A3F27D3C67E00984A19 /* CDContactGroup+Extensions.swift */; };
		772F8A4227D3C6A400984A19 /* CDContact+Extensions.swift in Sources */ = {isa = PBXBuildFile; fileRef = 772F8A4127D3C6A400984A19 /* CDContact+Extensions.swift */; };
		772F8A4427D3C81400984A19 /* BaseManager.swift in Sources */ = {isa = PBXBuildFile; fileRef = 772F8A4327D3C81400984A19 /* BaseManager.swift */; };
		772F8A4827D4C40D00984A19 /* RupeshContactsAppTests.swift in Sources */ = {isa = PBXBuildFile; fileRef = 772F8A4727D4C40D00984A19 /* RupeshContactsAppTests.swift */; };
		772F99D927D0006800482D26 /* String+Extensions.swift in Sources */ = {isa = PBXBuildFile; fileRef = 772F99D827D0006800482D26 /* String+Extensions.swift */; };
		772F99EF27D12A3F00482D26 /* RupeshContactsApp.xcdatamodeld in Sources */ = {isa = PBXBuildFile; fileRef = 772F99ED27D12A3F00482D26 /* RupeshContactsApp.xcdatamodeld */; };
		77578ACD2487CEBB006D2A7E /* ContactGroupController.swift in Sources */ = {isa = PBXBuildFile; fileRef = 77578ACC2487CEBB006D2A7E /* ContactGroupController.swift */; };
		77578AE02487D70B006D2A7E /* Localizable.strings in Resources */ = {isa = PBXBuildFile; fileRef = 77578AE22487D70B006D2A7E /* Localizable.strings */; };
		77578AE62487D73E006D2A7E /* InfoPlist.strings in Resources */ = {isa = PBXBuildFile; fileRef = 77578AE82487D73E006D2A7E /* InfoPlist.strings */; };
		77578AEE2488C74C006D2A7E /* ContactListTableViewCell.swift in Sources */ = {isa = PBXBuildFile; fileRef = 77578AED2488C74C006D2A7E /* ContactListTableViewCell.swift */; };
		77578AF62488CF55006D2A7E /* ContactDetailVC.swift in Sources */ = {isa = PBXBuildFile; fileRef = 77578AF52488CF55006D2A7E /* ContactDetailVC.swift */; };
		778B886827CCC1F000CFEE1D /* ManagedObjectProtocol.swift in Sources */ = {isa = PBXBuildFile; fileRef = 778B886627CCC1F000CFEE1D /* ManagedObjectProtocol.swift */; };
		778B886927CCC1F000CFEE1D /* PersistentStorage.swift in Sources */ = {isa = PBXBuildFile; fileRef = 778B886727CCC1F000CFEE1D /* PersistentStorage.swift */; };
		778B886B27CCC21000CFEE1D /* Contact.swift in Sources */ = {isa = PBXBuildFile; fileRef = 778B886A27CCC21000CFEE1D /* Contact.swift */; };
		778B887027CCC3DE00CFEE1D /* AppStrings.swift in Sources */ = {isa = PBXBuildFile; fileRef = 778B886F27CCC3DE00CFEE1D /* AppStrings.swift */; };
		778B887227CCC47300CFEE1D /* LocalisedString.swift in Sources */ = {isa = PBXBuildFile; fileRef = 778B887127CCC47300CFEE1D /* LocalisedString.swift */; };
		77AA3EE827CBDCDF000A3F1D /* Box.swift in Sources */ = {isa = PBXBuildFile; fileRef = 77AA3EE727CBDCDF000A3F1D /* Box.swift */; };
		77B37D7A2487C689009DFB32 /* AppDelegate.swift in Sources */ = {isa = PBXBuildFile; fileRef = 77B37D792487C689009DFB32 /* AppDelegate.swift */; };
		77B37D7B2487C689009DFB32 /* SceneDelegate.swift in Sources */ = {isa = PBXBuildFile; fileRef = 77B37D782487C689009DFB32 /* SceneDelegate.swift */; };
		77B37D812487C6CE009DFB32 /* AppColors.swift in Sources */ = {isa = PBXBuildFile; fileRef = 77B37D7D2487C6CD009DFB32 /* AppColors.swift */; };
		77B37D872487C713009DFB32 /* MainTabViewController.swift in Sources */ = {isa = PBXBuildFile; fileRef = 77B37D852487C713009DFB32 /* MainTabViewController.swift */; };
		77B37D892487C751009DFB32 /* ContactListController.swift in Sources */ = {isa = PBXBuildFile; fileRef = 77B37D882487C751009DFB32 /* ContactListController.swift */; };
		77C8201C27CCC67F00793443 /* ContactRepository.swift in Sources */ = {isa = PBXBuildFile; fileRef = 77C8201B27CCC67F00793443 /* ContactRepository.swift */; };
		77C8202427CCEDF300793443 /* ContactDetailVCCell.swift in Sources */ = {isa = PBXBuildFile; fileRef = 77C8202327CCEDF300793443 /* ContactDetailVCCell.swift */; };
		77C8202627CCFD3A00793443 /* BoxedContactDetailVCDataModel.swift in Sources */ = {isa = PBXBuildFile; fileRef = 77C8202527CCFD3A00793443 /* BoxedContactDetailVCDataModel.swift */; };
		77C8202827CCFD7400793443 /* InputDataType.swift in Sources */ = {isa = PBXBuildFile; fileRef = 77C8202727CCFD7400793443 /* InputDataType.swift */; };
		77C8202B27CCFDCA00793443 /* ContactListViewModel.swift in Sources */ = {isa = PBXBuildFile; fileRef = 77C8202A27CCFDCA00793443 /* ContactListViewModel.swift */; };
		77C8204327CE509F00793443 /* ContactManager.swift in Sources */ = {isa = PBXBuildFile; fileRef = 77C8204227CE509E00793443 /* ContactManager.swift */; };
		77C8204827CE5AFB00793443 /* ContactDetailVCCellDataModel.swift in Sources */ = {isa = PBXBuildFile; fileRef = 77C8204727CE5AFB00793443 /* ContactDetailVCCellDataModel.swift */; };
		77C8204C27CEBE9600793443 /* ContactListCellViewModel.swift in Sources */ = {isa = PBXBuildFile; fileRef = 77C8204B27CEBE9600793443 /* ContactListCellViewModel.swift */; };
		77C8205027CEBF6200793443 /* ContactProtocol.swift in Sources */ = {isa = PBXBuildFile; fileRef = 77C8204E27CEBF6200793443 /* ContactProtocol.swift */; };
		77C8205127CEBF6200793443 /* AddContactVCCellDataModelProtocol.swift in Sources */ = {isa = PBXBuildFile; fileRef = 77C8204F27CEBF6200793443 /* AddContactVCCellDataModelProtocol.swift */; };
		77C8205427CEBFA000793443 /* RCTableViewCell.swift in Sources */ = {isa = PBXBuildFile; fileRef = 77C8205227CEBFA000793443 /* RCTableViewCell.swift */; };
		77C8205527CEBFA000793443 /* RCTableView.swift in Sources */ = {isa = PBXBuildFile; fileRef = 77C8205327CEBFA000793443 /* RCTableView.swift */; };
		77C8205727CEBFC200793443 /* TableViewCellDataModelProtocol.swift in Sources */ = {isa = PBXBuildFile; fileRef = 77C8205627CEBFC200793443 /* TableViewCellDataModelProtocol.swift */; };
		77C8208E27CFE86F00793443 /* TextFieldEditingEventsDelegate.swift in Sources */ = {isa = PBXBuildFile; fileRef = 77C8208D27CFE86F00793443 /* TextFieldEditingEventsDelegate.swift */; };
		77EF0BB32462F3E400303EBF /* Assets.xcassets in Resources */ = {isa = PBXBuildFile; fileRef = 77EF0BB22462F3E400303EBF /* Assets.xcassets */; };
		77EF0BB62462F3E400303EBF /* LaunchScreen.storyboard in Resources */ = {isa = PBXBuildFile; fileRef = 77EF0BB42462F3E400303EBF /* LaunchScreen.storyboard */; };
/* End PBXBuildFile section */

/* Begin PBXContainerItemProxy section */
		77C8203427CCFFFB00793443 /* PBXContainerItemProxy */ = {
			isa = PBXContainerItemProxy;
			containerPortal = 77EF0B9E2462F3E200303EBF /* Project object */;
			proxyType = 1;
			remoteGlobalIDString = 77EF0BA52462F3E200303EBF;
			remoteInfo = RupeshContactsApp;
		};
/* End PBXContainerItemProxy section */

/* Begin PBXFileReference section */
		772F8A0527D2C0FF00984A19 /* RupeshContactsApp 2.xcdatamodel */ = {isa = PBXFileReference; lastKnownFileType = wrapper.xcdatamodel; path = "RupeshContactsApp 2.xcdatamodel"; sourceTree = "<group>"; };
		772F8A0627D388E800984A19 /* NavItemsDelegate.swift */ = {isa = PBXFileReference; lastKnownFileType = sourcecode.swift; name = NavItemsDelegate.swift; path = RupeshContactsapp/Common/Protocols/NavItemsDelegate.swift; sourceTree = SOURCE_ROOT; };
		772F8A0827D398FA00984A19 /* ErrorDisplayProtocol.swift */ = {isa = PBXFileReference; lastKnownFileType = sourcecode.swift; name = ErrorDisplayProtocol.swift; path = RupeshContactsapp/Common/Protocols/ErrorDisplayProtocol.swift; sourceTree = SOURCE_ROOT; };
		772F8A0A27D399D700984A19 /* BaseRepository.swift */ = {isa = PBXFileReference; lastKnownFileType = sourcecode.swift; name = BaseRepository.swift; path = RupeshContactsapp/Repository/BaseRepository.swift; sourceTree = SOURCE_ROOT; };
		772F8A0C27D39E2100984A19 /* RecordDeleteProtocol.swift */ = {isa = PBXFileReference; lastKnownFileType = sourcecode.swift; name = RecordDeleteProtocol.swift; path = RupeshContactsapp/Common/Protocols/RecordDeleteProtocol.swift; sourceTree = SOURCE_ROOT; };
		772F8A0E27D39ED200984A19 /* RecordProtocol.swift */ = {isa = PBXFileReference; lastKnownFileType = sourcecode.swift; name = RecordProtocol.swift; path = "RupeshContactsapp/Models/Abstraction Protocols/RecordProtocol.swift"; sourceTree = SOURCE_ROOT; };
		772F8A1027D3A8AE00984A19 /* RecordChangesDelegate.swift */ = {isa = PBXFileReference; lastKnownFileType = sourcecode.swift; name = RecordChangesDelegate.swift; path = RupeshContactsapp/Common/Protocols/RecordChangesDelegate.swift; sourceTree = SOURCE_ROOT; };
		772F8A2927D3C51F00984A19 /* CDContact+CoreDataClass.swift */ = {isa = PBXFileReference; fileEncoding = 4; lastKnownFileType = sourcecode.swift; name = "CDContact+CoreDataClass.swift"; path = "RupeshContactsApp/CoreData/NSManagedObject/CDContact/CDContact+CoreDataClass.swift"; sourceTree = SOURCE_ROOT; };
		772F8A2A27D3C51F00984A19 /* CDContact+CoreDataProperties.swift */ = {isa = PBXFileReference; fileEncoding = 4; lastKnownFileType = sourcecode.swift; name = "CDContact+CoreDataProperties.swift"; path = "RupeshContactsApp/CoreData/NSManagedObject/CDContact/CDContact+CoreDataProperties.swift"; sourceTree = SOURCE_ROOT; };
		772F8A3827D3C5AB00984A19 /* CDContactGroup+CoreDataClass.swift */ = {isa = PBXFileReference; lastKnownFileType = sourcecode.swift; path = "CDContactGroup+CoreDataClass.swift"; sourceTree = "<group>"; };
		772F8A3927D3C5AB00984A19 /* CDContactGroup+CoreDataProperties.swift */ = {isa = PBXFileReference; lastKnownFileType = sourcecode.swift; path = "CDContactGroup+CoreDataProperties.swift"; sourceTree = "<group>"; };
		772F8A3F27D3C67E00984A19 /* CDContactGroup+Extensions.swift */ = {isa = PBXFileReference; lastKnownFileType = sourcecode.swift; name = "CDContactGroup+Extensions.swift"; path = "RupeshContactsapp/CoreData/NSManagedObject/CDContactGroup/CDContactGroup+Extensions.swift"; sourceTree = SOURCE_ROOT; };
		772F8A4127D3C6A400984A19 /* CDContact+Extensions.swift */ = {isa = PBXFileReference; lastKnownFileType = sourcecode.swift; name = "CDContact+Extensions.swift"; path = "RupeshContactsapp/CoreData/NSManagedObject/CDContact/CDContact+Extensions.swift"; sourceTree = SOURCE_ROOT; };
		772F8A4327D3C81400984A19 /* BaseManager.swift */ = {isa = PBXFileReference; lastKnownFileType = sourcecode.swift; name = BaseManager.swift; path = RupeshContactsapp/Manager/BaseManager.swift; sourceTree = SOURCE_ROOT; };
		772F8A4727D4C40D00984A19 /* RupeshContactsAppTests.swift */ = {isa = PBXFileReference; fileEncoding = 4; lastKnownFileType = sourcecode.swift; name = RupeshContactsAppTests.swift; path = ../../../Tests/RupeshContactsAppTests/RupeshContactsAppTests.swift; sourceTree = "<group>"; };
		772F99D827D0006800482D26 /* String+Extensions.swift */ = {isa = PBXFileReference; lastKnownFileType = sourcecode.swift; name = "String+Extensions.swift"; path = "RupeshContactsApp/Common/Base Classes/Extensions/String+Extensions.swift"; sourceTree = SOURCE_ROOT; };
		772F99EE27D12A3F00482D26 /* RupeshContactsApp.xcdatamodel */ = {isa = PBXFileReference; lastKnownFileType = wrapper.xcdatamodel; path = RupeshContactsApp.xcdatamodel; sourceTree = "<group>"; };
		77578ACC2487CEBB006D2A7E /* ContactGroupController.swift */ = {isa = PBXFileReference; lastKnownFileType = sourcecode.swift; path = ContactGroupController.swift; sourceTree = "<group>"; };
		77578AE32487D70E006D2A7E /* en */ = {isa = PBXFileReference; lastKnownFileType = text.plist.strings; name = en; path = en.lproj/Localizable.strings; sourceTree = "<group>"; };
		77578AE72487D73E006D2A7E /* en */ = {isa = PBXFileReference; lastKnownFileType = text.plist.strings; name = en; path = en.lproj/InfoPlist.strings; sourceTree = "<group>"; };
		77578AED2488C74C006D2A7E /* ContactListTableViewCell.swift */ = {isa = PBXFileReference; lastKnownFileType = sourcecode.swift; path = ContactListTableViewCell.swift; sourceTree = "<group>"; };
		77578AF52488CF55006D2A7E /* ContactDetailVC.swift */ = {isa = PBXFileReference; lastKnownFileType = sourcecode.swift; path = ContactDetailVC.swift; sourceTree = "<group>"; };
		778B886627CCC1F000CFEE1D /* ManagedObjectProtocol.swift */ = {isa = PBXFileReference; fileEncoding = 4; lastKnownFileType = sourcecode.swift; name = ManagedObjectProtocol.swift; path = "RupeshContactsapp/CoreData/Support Files/ManagedObjectProtocol.swift"; sourceTree = SOURCE_ROOT; };
		778B886727CCC1F000CFEE1D /* PersistentStorage.swift */ = {isa = PBXFileReference; fileEncoding = 4; lastKnownFileType = sourcecode.swift; name = PersistentStorage.swift; path = "RupeshContactsapp/CoreData/Support Files/PersistentStorage.swift"; sourceTree = SOURCE_ROOT; };
		778B886A27CCC21000CFEE1D /* Contact.swift */ = {isa = PBXFileReference; lastKnownFileType = sourcecode.swift; name = Contact.swift; path = RupeshContactsapp/Models/Contact.swift; sourceTree = SOURCE_ROOT; };
		778B886F27CCC3DE00CFEE1D /* AppStrings.swift */ = {isa = PBXFileReference; lastKnownFileType = sourcecode.swift; name = AppStrings.swift; path = RupeshContactsapp/Strings/AppStrings.swift; sourceTree = SOURCE_ROOT; };
		778B887127CCC47300CFEE1D /* LocalisedString.swift */ = {isa = PBXFileReference; lastKnownFileType = sourcecode.swift; name = LocalisedString.swift; path = RupeshContactsapp/Strings/LocalisedString.swift; sourceTree = SOURCE_ROOT; };
		77AA3EE727CBDCDF000A3F1D /* Box.swift */ = {isa = PBXFileReference; lastKnownFileType = sourcecode.swift; name = Box.swift; path = RupeshContactsapp/Common/Box.swift; sourceTree = SOURCE_ROOT; };
		77B37D782487C689009DFB32 /* SceneDelegate.swift */ = {isa = PBXFileReference; lastKnownFileType = sourcecode.swift; path = SceneDelegate.swift; sourceTree = "<group>"; };
		77B37D792487C689009DFB32 /* AppDelegate.swift */ = {isa = PBXFileReference; lastKnownFileType = sourcecode.swift; path = AppDelegate.swift; sourceTree = "<group>"; };
		77B37D7D2487C6CD009DFB32 /* AppColors.swift */ = {isa = PBXFileReference; lastKnownFileType = sourcecode.swift; path = AppColors.swift; sourceTree = "<group>"; };
		77B37D852487C713009DFB32 /* MainTabViewController.swift */ = {isa = PBXFileReference; lastKnownFileType = sourcecode.swift; path = MainTabViewController.swift; sourceTree = "<group>"; };
		77B37D882487C751009DFB32 /* ContactListController.swift */ = {isa = PBXFileReference; fileEncoding = 4; lastKnownFileType = sourcecode.swift; path = ContactListController.swift; sourceTree = "<group>"; };
		77C4EDBF24A3C1CC003F803C /* te */ = {isa = PBXFileReference; lastKnownFileType = text.plist.strings; name = te; path = te.lproj/Localizable.strings; sourceTree = "<group>"; };
		77C4EDC024A3C1CC003F803C /* te */ = {isa = PBXFileReference; lastKnownFileType = text.plist.strings; name = te; path = te.lproj/InfoPlist.strings; sourceTree = "<group>"; };
		77C8201B27CCC67F00793443 /* ContactRepository.swift */ = {isa = PBXFileReference; fileEncoding = 4; lastKnownFileType = sourcecode.swift; name = ContactRepository.swift; path = RupeshContactsapp/Repository/ContactRepository.swift; sourceTree = SOURCE_ROOT; };
		77C8202327CCEDF300793443 /* ContactDetailVCCell.swift */ = {isa = PBXFileReference; lastKnownFileType = sourcecode.swift; name = ContactDetailVCCell.swift; path = "RupeshContactsapp/View Controllers/AddContact/View/ContactDetailVCCell.swift"; sourceTree = SOURCE_ROOT; };
		77C8202527CCFD3A00793443 /* BoxedContactDetailVCDataModel.swift */ = {isa = PBXFileReference; lastKnownFileType = sourcecode.swift; name = BoxedContactDetailVCDataModel.swift; path = "RupeshContactsApp/View Model/BoxedContactDetailVCDataModel.swift"; sourceTree = SOURCE_ROOT; };
		77C8202727CCFD7400793443 /* InputDataType.swift */ = {isa = PBXFileReference; fileEncoding = 4; lastKnownFileType = sourcecode.swift; name = InputDataType.swift; path = "RupeshContactsApp/View Model/Enum/InputDataType.swift"; sourceTree = SOURCE_ROOT; };
		77C8202A27CCFDCA00793443 /* ContactListViewModel.swift */ = {isa = PBXFileReference; fileEncoding = 4; lastKnownFileType = sourcecode.swift; name = ContactListViewModel.swift; path = "RupeshContactsapp/View Model/ContactListViewModel.swift"; sourceTree = SOURCE_ROOT; };
		77C8203027CCFFFB00793443 /* RupeshContactsAppTests.xctest */ = {isa = PBXFileReference; explicitFileType = wrapper.cfbundle; includeInIndex = 0; path = RupeshContactsAppTests.xctest; sourceTree = BUILT_PRODUCTS_DIR; };
		77C8204227CE509E00793443 /* ContactManager.swift */ = {isa = PBXFileReference; lastKnownFileType = sourcecode.swift; name = ContactManager.swift; path = RupeshContactsapp/Manager/ContactManager.swift; sourceTree = SOURCE_ROOT; };
		77C8204727CE5AFB00793443 /* ContactDetailVCCellDataModel.swift */ = {isa = PBXFileReference; lastKnownFileType = sourcecode.swift; name = ContactDetailVCCellDataModel.swift; path = "RupeshContactsApp/View Model/ContactDetailVCCellDataModel.swift"; sourceTree = SOURCE_ROOT; };
		77C8204B27CEBE9600793443 /* ContactListCellViewModel.swift */ = {isa = PBXFileReference; lastKnownFileType = sourcecode.swift; name = ContactListCellViewModel.swift; path = "RupeshContactsapp/View Model/ContactListCellViewModel.swift"; sourceTree = SOURCE_ROOT; };
		77C8204E27CEBF6200793443 /* ContactProtocol.swift */ = {isa = PBXFileReference; fileEncoding = 4; lastKnownFileType = sourcecode.swift; name = ContactProtocol.swift; path = "RupeshContactsapp/Models/Abstraction Protocols/ContactProtocol.swift"; sourceTree = SOURCE_ROOT; };
		77C8204F27CEBF6200793443 /* AddContactVCCellDataModelProtocol.swift */ = {isa = PBXFileReference; fileEncoding = 4; lastKnownFileType = sourcecode.swift; name = AddContactVCCellDataModelProtocol.swift; path = "RupeshContactsApp/View Model/Abstraction Protocols/AddContactVCCellDataModelProtocol.swift"; sourceTree = SOURCE_ROOT; };
		77C8205227CEBFA000793443 /* RCTableViewCell.swift */ = {isa = PBXFileReference; fileEncoding = 4; lastKnownFileType = sourcecode.swift; name = RCTableViewCell.swift; path = "RupeshContactsapp/Common/Base Classes/Views/RCTableViewCell.swift"; sourceTree = SOURCE_ROOT; };
		77C8205327CEBFA000793443 /* RCTableView.swift */ = {isa = PBXFileReference; fileEncoding = 4; lastKnownFileType = sourcecode.swift; name = RCTableView.swift; path = "RupeshContactsapp/Common/Base Classes/Views/RCTableView.swift"; sourceTree = SOURCE_ROOT; };
		77C8205627CEBFC200793443 /* TableViewCellDataModelProtocol.swift */ = {isa = PBXFileReference; lastKnownFileType = sourcecode.swift; name = TableViewCellDataModelProtocol.swift; path = "RupeshContactsapp/View Model/Abstraction Protocols/TableViewCellDataModelProtocol.swift"; sourceTree = SOURCE_ROOT; };
		77C8208D27CFE86F00793443 /* TextFieldEditingEventsDelegate.swift */ = {isa = PBXFileReference; lastKnownFileType = sourcecode.swift; name = TextFieldEditingEventsDelegate.swift; path = RupeshContactsApp/Common/Protocols/TextFieldEditingEventsDelegate.swift; sourceTree = SOURCE_ROOT; };
		77EF0BA62462F3E200303EBF /* RupeshContactsApp.app */ = {isa = PBXFileReference; explicitFileType = wrapper.application; includeInIndex = 0; path = RupeshContactsApp.app; sourceTree = BUILT_PRODUCTS_DIR; };
		77EF0BB22462F3E400303EBF /* Assets.xcassets */ = {isa = PBXFileReference; lastKnownFileType = folder.assetcatalog; path = Assets.xcassets; sourceTree = "<group>"; };
		77EF0BB52462F3E400303EBF /* Base */ = {isa = PBXFileReference; lastKnownFileType = file.storyboard; name = Base; path = Base.lproj/LaunchScreen.storyboard; sourceTree = "<group>"; };
		77EF0BB72462F3E400303EBF /* Info.plist */ = {isa = PBXFileReference; lastKnownFileType = text.plist.xml; path = Info.plist; sourceTree = "<group>"; };
/* End PBXFileReference section */

/* Begin PBXFrameworksBuildPhase section */
		77C8202D27CCFFFB00793443 /* Frameworks */ = {
			isa = PBXFrameworksBuildPhase;
			buildActionMask = 2147483647;
			files = (
			);
			runOnlyForDeploymentPostprocessing = 0;
		};
		77EF0BA32462F3E200303EBF /* Frameworks */ = {
			isa = PBXFrameworksBuildPhase;
			buildActionMask = 2147483647;
			files = (
			);
			runOnlyForDeploymentPostprocessing = 0;
		};
/* End PBXFrameworksBuildPhase section */

/* Begin PBXGroup section */
		772F8A2827D3C51000984A19 /* NSManagedObject */ = {
			isa = PBXGroup;
			children = (
				772F8A3E27D3C63000984A19 /* CDContactGroup */,
				772F8A2D27D3C52900984A19 /* CDContact */,
			);
			path = NSManagedObject;
			sourceTree = "<group>";
		};
		772F8A2D27D3C52900984A19 /* CDContact */ = {
			isa = PBXGroup;
			children = (
				772F8A2927D3C51F00984A19 /* CDContact+CoreDataClass.swift */,
				772F8A2A27D3C51F00984A19 /* CDContact+CoreDataProperties.swift */,
				772F8A4127D3C6A400984A19 /* CDContact+Extensions.swift */,
			);
			path = CDContact;
			sourceTree = "<group>";
		};
		772F8A3E27D3C63000984A19 /* CDContactGroup */ = {
			isa = PBXGroup;
			children = (
				772F8A3827D3C5AB00984A19 /* CDContactGroup+CoreDataClass.swift */,
				772F8A3927D3C5AB00984A19 /* CDContactGroup+CoreDataProperties.swift */,
				772F8A3F27D3C67E00984A19 /* CDContactGroup+Extensions.swift */,
			);
			path = CDContactGroup;
			sourceTree = "<group>";
		};
		772F99DA27D0006D00482D26 /* Extensions */ = {
			isa = PBXGroup;
			children = (
				772F99D827D0006800482D26 /* String+Extensions.swift */,
			);
			path = Extensions;
			sourceTree = "<group>";
		};
		77578ACE2487D09D006D2A7E /* ContactGroupList */ = {
			isa = PBXGroup;
			children = (
				77578ACC2487CEBB006D2A7E /* ContactGroupController.swift */,
			);
			path = ContactGroupList;
			sourceTree = "<group>";
		};
		77578AD72487D520006D2A7E /* Strings */ = {
			isa = PBXGroup;
			children = (
				77578AE22487D70B006D2A7E /* Localizable.strings */,
				77578AE82487D73E006D2A7E /* InfoPlist.strings */,
				778B887127CCC47300CFEE1D /* LocalisedString.swift */,
				778B886F27CCC3DE00CFEE1D /* AppStrings.swift */,
			);
			path = Strings;
			sourceTree = "<group>";
		};
		77578AF22488CD22006D2A7E /* CoreDataModel */ = {
			isa = PBXGroup;
			children = (
				772F99ED27D12A3F00482D26 /* RupeshContactsApp.xcdatamodeld */,
			);
			path = CoreDataModel;
			sourceTree = "<group>";
		};
		77578AF32488CEFD006D2A7E /* ContactList */ = {
			isa = PBXGroup;
			children = (
				77B37D882487C751009DFB32 /* ContactListController.swift */,
				77578AED2488C74C006D2A7E /* ContactListTableViewCell.swift */,
			);
			path = ContactList;
			sourceTree = "<group>";
		};
		77578AF42488CF27006D2A7E /* AddContact */ = {
			isa = PBXGroup;
			children = (
				77C8202227CCEDE100793443 /* View Controllers */,
				77C8202027CCED7A00793443 /* View */,
			);
			path = AddContact;
			sourceTree = "<group>";
		};
		778B886327CCC19500CFEE1D /* Models */ = {
			isa = PBXGroup;
			children = (
				77C8204427CE5A8E00793443 /* Abstraction Protocols */,
				778B886A27CCC21000CFEE1D /* Contact.swift */,
			);
			path = Models;
			sourceTree = "<group>";
		};
		778B886C27CCC26400CFEE1D /* Repository */ = {
			isa = PBXGroup;
			children = (
				772F8A0A27D399D700984A19 /* BaseRepository.swift */,
				77C8201B27CCC67F00793443 /* ContactRepository.swift */,
			);
			path = Repository;
			sourceTree = "<group>";
		};
		77AA3EF827CCA09E000A3F1D /* CoreData */ = {
			isa = PBXGroup;
			children = (
				772F8A2827D3C51000984A19 /* NSManagedObject */,
				77AA3EF927CCA0B9000A3F1D /* Support Files */,
				77578AF22488CD22006D2A7E /* CoreDataModel */,
			);
			path = CoreData;
			sourceTree = "<group>";
		};
		77AA3EF927CCA0B9000A3F1D /* Support Files */ = {
			isa = PBXGroup;
			children = (
				778B886627CCC1F000CFEE1D /* ManagedObjectProtocol.swift */,
				778B886727CCC1F000CFEE1D /* PersistentStorage.swift */,
			);
			path = "Support Files";
			sourceTree = "<group>";
		};
		77B37D7C2487C6B0009DFB32 /* App Delegate */ = {
			isa = PBXGroup;
			children = (
				77B37D792487C689009DFB32 /* AppDelegate.swift */,
				77B37D782487C689009DFB32 /* SceneDelegate.swift */,
			);
			path = "App Delegate";
			sourceTree = "<group>";
		};
		77B37D832487C6E7009DFB32 /* Common */ = {
			isa = PBXGroup;
			children = (
				77C8208F27CFE9EC00793443 /* Protocols */,
				77C8203927CD2AA800793443 /* Base Classes */,
				77B37D7D2487C6CD009DFB32 /* AppColors.swift */,
				77AA3EE727CBDCDF000A3F1D /* Box.swift */,
			);
			path = Common;
			sourceTree = "<group>";
		};
		77B37D8A2487C757009DFB32 /* View Controllers */ = {
			isa = PBXGroup;
			children = (
				77B37D852487C713009DFB32 /* MainTabViewController.swift */,
				77578AF32488CEFD006D2A7E /* ContactList */,
				77578AF42488CF27006D2A7E /* AddContact */,
				77578ACE2487D09D006D2A7E /* ContactGroupList */,
			);
			path = "View Controllers";
			sourceTree = "<group>";
		};
		77C8202027CCED7A00793443 /* View */ = {
			isa = PBXGroup;
			children = (
				77C8202327CCEDF300793443 /* ContactDetailVCCell.swift */,
			);
			path = View;
			sourceTree = "<group>";
		};
		77C8202227CCEDE100793443 /* View Controllers */ = {
			isa = PBXGroup;
			children = (
				77578AF52488CF55006D2A7E /* ContactDetailVC.swift */,
			);
			path = "View Controllers";
			sourceTree = "<group>";
		};
		77C8202927CCFDB000793443 /* View Model */ = {
			isa = PBXGroup;
			children = (
				77C8205A27CEC63A00793443 /* Enum */,
				77C8204D27CEBF0600793443 /* Abstraction Protocols */,
				77C8202A27CCFDCA00793443 /* ContactListViewModel.swift */,
				77C8204B27CEBE9600793443 /* ContactListCellViewModel.swift */,
				77C8202527CCFD3A00793443 /* BoxedContactDetailVCDataModel.swift */,
				77C8204727CE5AFB00793443 /* ContactDetailVCCellDataModel.swift */,
			);
			path = "View Model";
			sourceTree = "<group>";
		};
		77C8203127CCFFFB00793443 /* RupeshContactsAppTests */ = {
			isa = PBXGroup;
			children = (
				772F8A4727D4C40D00984A19 /* RupeshContactsAppTests.swift */,
			);
			path = RupeshContactsAppTests;
			sourceTree = "<group>";
		};
		77C8203927CD2AA800793443 /* Base Classes */ = {
			isa = PBXGroup;
			children = (
				772F99DA27D0006D00482D26 /* Extensions */,
				77C8203A27CD2AB100793443 /* Views */,
			);
			path = "Base Classes";
			sourceTree = "<group>";
		};
		77C8203A27CD2AB100793443 /* Views */ = {
			isa = PBXGroup;
			children = (
				77C8205327CEBFA000793443 /* RCTableView.swift */,
				77C8205227CEBFA000793443 /* RCTableViewCell.swift */,
			);
			path = Views;
			sourceTree = "<group>";
		};
		77C8204127CE507900793443 /* Manager */ = {
			isa = PBXGroup;
			children = (
				77C8204227CE509E00793443 /* ContactManager.swift */,
				772F8A4327D3C81400984A19 /* BaseManager.swift */,
			);
			path = Manager;
			sourceTree = "<group>";
		};
		77C8204427CE5A8E00793443 /* Abstraction Protocols */ = {
			isa = PBXGroup;
			children = (
				77C8204E27CEBF6200793443 /* ContactProtocol.swift */,
				772F8A0E27D39ED200984A19 /* RecordProtocol.swift */,
			);
			path = "Abstraction Protocols";
			sourceTree = "<group>";
		};
		77C8204D27CEBF0600793443 /* Abstraction Protocols */ = {
			isa = PBXGroup;
			children = (
				77C8204F27CEBF6200793443 /* AddContactVCCellDataModelProtocol.swift */,
				77C8205627CEBFC200793443 /* TableViewCellDataModelProtocol.swift */,
			);
			path = "Abstraction Protocols";
			sourceTree = "<group>";
		};
		77C8205A27CEC63A00793443 /* Enum */ = {
			isa = PBXGroup;
			children = (
				77C8202727CCFD7400793443 /* InputDataType.swift */,
			);
			path = Enum;
			sourceTree = "<group>";
		};
		77C8208F27CFE9EC00793443 /* Protocols */ = {
			isa = PBXGroup;
			children = (
				77C8208D27CFE86F00793443 /* TextFieldEditingEventsDelegate.swift */,
				772F8A0627D388E800984A19 /* NavItemsDelegate.swift */,
				772F8A0827D398FA00984A19 /* ErrorDisplayProtocol.swift */,
				772F8A0C27D39E2100984A19 /* RecordDeleteProtocol.swift */,
				772F8A1027D3A8AE00984A19 /* RecordChangesDelegate.swift */,
			);
			path = Protocols;
			sourceTree = "<group>";
		};
		77EF0B9D2462F3E200303EBF = {
			isa = PBXGroup;
			children = (
				77EF0BA82462F3E200303EBF /* RupeshContactsApp */,
				77C8203127CCFFFB00793443 /* RupeshContactsAppTests */,
				77EF0BA72462F3E200303EBF /* Products */,
			);
			sourceTree = "<group>";
		};
		77EF0BA72462F3E200303EBF /* Products */ = {
			isa = PBXGroup;
			children = (
				77EF0BA62462F3E200303EBF /* RupeshContactsApp.app */,
				77C8203027CCFFFB00793443 /* RupeshContactsAppTests.xctest */,
			);
			name = Products;
			sourceTree = "<group>";
		};
		77EF0BA82462F3E200303EBF /* RupeshContactsApp */ = {
			isa = PBXGroup;
			children = (
				77B37D7C2487C6B0009DFB32 /* App Delegate */,
				778B886C27CCC26400CFEE1D /* Repository */,
				77B37D8A2487C757009DFB32 /* View Controllers */,
				778B886327CCC19500CFEE1D /* Models */,
				77C8202927CCFDB000793443 /* View Model */,
				77C8204127CE507900793443 /* Manager */,
				77AA3EF827CCA09E000A3F1D /* CoreData */,
				77B37D832487C6E7009DFB32 /* Common */,
				77578AD72487D520006D2A7E /* Strings */,
				77EF0BB22462F3E400303EBF /* Assets.xcassets */,
				77EF0BB42462F3E400303EBF /* LaunchScreen.storyboard */,
				77EF0BB72462F3E400303EBF /* Info.plist */,
			);
			path = RupeshContactsApp;
			sourceTree = "<group>";
		};
/* End PBXGroup section */

/* Begin PBXNativeTarget section */
		77C8202F27CCFFFB00793443 /* RupeshContactsAppTests */ = {
			isa = PBXNativeTarget;
			buildConfigurationList = 77C8203627CCFFFB00793443 /* Build configuration list for PBXNativeTarget "RupeshContactsAppTests" */;
			buildPhases = (
				77C8202C27CCFFFB00793443 /* Sources */,
				77C8202D27CCFFFB00793443 /* Frameworks */,
				77C8202E27CCFFFB00793443 /* Resources */,
			);
			buildRules = (
			);
			dependencies = (
				77C8203527CCFFFB00793443 /* PBXTargetDependency */,
			);
			name = RupeshContactsAppTests;
			productName = RupeshContactsAppTests;
			productReference = 77C8203027CCFFFB00793443 /* RupeshContactsAppTests.xctest */;
			productType = "com.apple.product-type.bundle.unit-test";
		};
		77EF0BA52462F3E200303EBF /* RupeshContactsApp */ = {
			isa = PBXNativeTarget;
			buildConfigurationList = 77EF0BBA2462F3E400303EBF /* Build configuration list for PBXNativeTarget "RupeshContactsApp" */;
			buildPhases = (
				77EF0BA22462F3E200303EBF /* Sources */,
				77EF0BA32462F3E200303EBF /* Frameworks */,
				77EF0BA42462F3E200303EBF /* Resources */,
			);
			buildRules = (
			);
			dependencies = (
			);
			name = RupeshContactsApp;
			productName = RupeshContactsApp;
			productReference = 77EF0BA62462F3E200303EBF /* RupeshContactsApp.app */;
			productType = "com.apple.product-type.application";
		};
/* End PBXNativeTarget section */

/* Begin PBXProject section */
		77EF0B9E2462F3E200303EBF /* Project object */ = {
			isa = PBXProject;
			attributes = {
				LastSwiftUpdateCheck = 1320;
				LastUpgradeCheck = 1320;
				ORGANIZATIONNAME = "rupesh-6878";
				TargetAttributes = {
					77C8202F27CCFFFB00793443 = {
						CreatedOnToolsVersion = 13.2.1;
						LastSwiftMigration = 1320;
						TestTargetID = 77EF0BA52462F3E200303EBF;
					};
					77EF0BA52462F3E200303EBF = {
						CreatedOnToolsVersion = 11.4.1;
						LastSwiftMigration = 1150;
					};
				};
			};
			buildConfigurationList = 77EF0BA12462F3E200303EBF /* Build configuration list for PBXProject "RupeshContactsApp" */;
			compatibilityVersion = "Xcode 9.3";
			developmentRegion = en;
			hasScannedForEncodings = 0;
			knownRegions = (
				en,
				Base,
				te,
			);
			mainGroup = 77EF0B9D2462F3E200303EBF;
			productRefGroup = 77EF0BA72462F3E200303EBF /* Products */;
			projectDirPath = "";
			projectRoot = "";
			targets = (
				77EF0BA52462F3E200303EBF /* RupeshContactsApp */,
				77C8202F27CCFFFB00793443 /* RupeshContactsAppTests */,
			);
		};
/* End PBXProject section */

/* Begin PBXResourcesBuildPhase section */
		77C8202E27CCFFFB00793443 /* Resources */ = {
			isa = PBXResourcesBuildPhase;
			buildActionMask = 2147483647;
			files = (
			);
			runOnlyForDeploymentPostprocessing = 0;
		};
		77EF0BA42462F3E200303EBF /* Resources */ = {
			isa = PBXResourcesBuildPhase;
			buildActionMask = 2147483647;
			files = (
				77EF0BB62462F3E400303EBF /* LaunchScreen.storyboard in Resources */,
				77578AE62487D73E006D2A7E /* InfoPlist.strings in Resources */,
				77578AE02487D70B006D2A7E /* Localizable.strings in Resources */,
				77EF0BB32462F3E400303EBF /* Assets.xcassets in Resources */,
			);
			runOnlyForDeploymentPostprocessing = 0;
		};
/* End PBXResourcesBuildPhase section */

/* Begin PBXSourcesBuildPhase section */
		77C8202C27CCFFFB00793443 /* Sources */ = {
			isa = PBXSourcesBuildPhase;
			buildActionMask = 2147483647;
			files = (
				772F8A4827D4C40D00984A19 /* RupeshContactsAppTests.swift in Sources */,
			);
			runOnlyForDeploymentPostprocessing = 0;
		};
		77EF0BA22462F3E200303EBF /* Sources */ = {
			isa = PBXSourcesBuildPhase;
			buildActionMask = 2147483647;
			files = (
				77C8202B27CCFDCA00793443 /* ContactListViewModel.swift in Sources */,
				772F8A0727D388E800984A19 /* NavItemsDelegate.swift in Sources */,
				772F8A4427D3C81400984A19 /* BaseManager.swift in Sources */,
				772F8A0F27D39ED200984A19 /* RecordProtocol.swift in Sources */,
				77578ACD2487CEBB006D2A7E /* ContactGroupController.swift in Sources */,
				77578AEE2488C74C006D2A7E /* ContactListTableViewCell.swift in Sources */,
				77B37D872487C713009DFB32 /* MainTabViewController.swift in Sources */,
				772F99D927D0006800482D26 /* String+Extensions.swift in Sources */,
				77C8205527CEBFA000793443 /* RCTableView.swift in Sources */,
				77C8208E27CFE86F00793443 /* TextFieldEditingEventsDelegate.swift in Sources */,
				778B886927CCC1F000CFEE1D /* PersistentStorage.swift in Sources */,
				772F8A1127D3A8AE00984A19 /* RecordChangesDelegate.swift in Sources */,
				77C8205427CEBFA000793443 /* RCTableViewCell.swift in Sources */,
				77C8202827CCFD7400793443 /* InputDataType.swift in Sources */,
				77C8205727CEBFC200793443 /* TableViewCellDataModelProtocol.swift in Sources */,
				778B886B27CCC21000CFEE1D /* Contact.swift in Sources */,
				77B37D892487C751009DFB32 /* ContactListController.swift in Sources */,
				772F8A2C27D3C51F00984A19 /* CDContact+CoreDataProperties.swift in Sources */,
				77C8202627CCFD3A00793443 /* BoxedContactDetailVCDataModel.swift in Sources */,
				778B887227CCC47300CFEE1D /* LocalisedString.swift in Sources */,
				772F8A3D27D3C5AB00984A19 /* CDContactGroup+CoreDataProperties.swift in Sources */,
				772F8A3C27D3C5AB00984A19 /* CDContactGroup+CoreDataClass.swift in Sources */,
				77C8204C27CEBE9600793443 /* ContactListCellViewModel.swift in Sources */,
				77C8204327CE509F00793443 /* ContactManager.swift in Sources */,
				772F99EF27D12A3F00482D26 /* RupeshContactsApp.xcdatamodeld in Sources */,
				77B37D7A2487C689009DFB32 /* AppDelegate.swift in Sources */,
				77AA3EE827CBDCDF000A3F1D /* Box.swift in Sources */,
				772F8A0D27D39E2100984A19 /* RecordDeleteProtocol.swift in Sources */,
				772F8A2B27D3C51F00984A19 /* CDContact+CoreDataClass.swift in Sources */,
				772F8A0927D398FA00984A19 /* ErrorDisplayProtocol.swift in Sources */,
				772F8A4227D3C6A400984A19 /* CDContact+Extensions.swift in Sources */,
				77C8202427CCEDF300793443 /* ContactDetailVCCell.swift in Sources */,
				778B887027CCC3DE00CFEE1D /* AppStrings.swift in Sources */,
				77C8205027CEBF6200793443 /* ContactProtocol.swift in Sources */,
				77C8201C27CCC67F00793443 /* ContactRepository.swift in Sources */,
				77B37D812487C6CE009DFB32 /* AppColors.swift in Sources */,
				772F8A0B27D399D700984A19 /* BaseRepository.swift in Sources */,
				778B886827CCC1F000CFEE1D /* ManagedObjectProtocol.swift in Sources */,
				772F8A4027D3C67E00984A19 /* CDContactGroup+Extensions.swift in Sources */,
				77C8204827CE5AFB00793443 /* ContactDetailVCCellDataModel.swift in Sources */,
				77B37D7B2487C689009DFB32 /* SceneDelegate.swift in Sources */,
				77C8205127CEBF6200793443 /* AddContactVCCellDataModelProtocol.swift in Sources */,
				77578AF62488CF55006D2A7E /* ContactDetailVC.swift in Sources */,
			);
			runOnlyForDeploymentPostprocessing = 0;
		};
/* End PBXSourcesBuildPhase section */

/* Begin PBXTargetDependency section */
		77C8203527CCFFFB00793443 /* PBXTargetDependency */ = {
			isa = PBXTargetDependency;
			target = 77EF0BA52462F3E200303EBF /* RupeshContactsApp */;
			targetProxy = 77C8203427CCFFFB00793443 /* PBXContainerItemProxy */;
		};
/* End PBXTargetDependency section */

/* Begin PBXVariantGroup section */
		77578AE22487D70B006D2A7E /* Localizable.strings */ = {
			isa = PBXVariantGroup;
			children = (
				77578AE32487D70E006D2A7E /* en */,
				77C4EDBF24A3C1CC003F803C /* te */,
			);
			name = Localizable.strings;
			sourceTree = "<group>";
		};
		77578AE82487D73E006D2A7E /* InfoPlist.strings */ = {
			isa = PBXVariantGroup;
			children = (
				77578AE72487D73E006D2A7E /* en */,
				77C4EDC024A3C1CC003F803C /* te */,
			);
			name = InfoPlist.strings;
			sourceTree = "<group>";
		};
		77EF0BB42462F3E400303EBF /* LaunchScreen.storyboard */ = {
			isa = PBXVariantGroup;
			children = (
				77EF0BB52462F3E400303EBF /* Base */,
			);
			name = LaunchScreen.storyboard;
			sourceTree = "<group>";
		};
/* End PBXVariantGroup section */

/* Begin XCBuildConfiguration section */
		77C8203727CCFFFB00793443 /* Debug */ = {
			isa = XCBuildConfiguration;
			buildSettings = {
				BUNDLE_LOADER = "$(TEST_HOST)";
				CLANG_CXX_LANGUAGE_STANDARD = "gnu++17";
				CLANG_ENABLE_MODULES = YES;
				CODE_SIGN_STYLE = Automatic;
				CURRENT_PROJECT_VERSION = 1;
				DEVELOPMENT_TEAM = 4H66523H45;
				GENERATE_INFOPLIST_FILE = YES;
				IPHONEOS_DEPLOYMENT_TARGET = 15.2;
				LD_RUNPATH_SEARCH_PATHS = (
					"$(inherited)",
					"@executable_path/Frameworks",
					"@loader_path/Frameworks",
				);
				MARKETING_VERSION = 1.0;
				PRODUCT_BUNDLE_IDENTIFIER = com.ru.test.RupeshContactsAppTests;
				PRODUCT_NAME = "$(TARGET_NAME)";
				SWIFT_EMIT_LOC_STRINGS = NO;
				SWIFT_OPTIMIZATION_LEVEL = "-Onone";
				SWIFT_VERSION = 5.0;
				TARGETED_DEVICE_FAMILY = "1,2";
				TEST_HOST = "$(BUILT_PRODUCTS_DIR)/RupeshContactsApp.app/RupeshContactsApp";
			};
			name = Debug;
		};
		77C8203827CCFFFB00793443 /* Release */ = {
			isa = XCBuildConfiguration;
			buildSettings = {
				BUNDLE_LOADER = "$(TEST_HOST)";
				CLANG_CXX_LANGUAGE_STANDARD = "gnu++17";
				CLANG_ENABLE_MODULES = YES;
				CODE_SIGN_STYLE = Automatic;
				CURRENT_PROJECT_VERSION = 1;
				DEVELOPMENT_TEAM = 4H66523H45;
				GENERATE_INFOPLIST_FILE = YES;
				IPHONEOS_DEPLOYMENT_TARGET = 15.2;
				LD_RUNPATH_SEARCH_PATHS = (
					"$(inherited)",
					"@executable_path/Frameworks",
					"@loader_path/Frameworks",
				);
				MARKETING_VERSION = 1.0;
				PRODUCT_BUNDLE_IDENTIFIER = com.ru.test.RupeshContactsAppTests;
				PRODUCT_NAME = "$(TARGET_NAME)";
				SWIFT_EMIT_LOC_STRINGS = NO;
				SWIFT_VERSION = 5.0;
				TARGETED_DEVICE_FAMILY = "1,2";
				TEST_HOST = "$(BUILT_PRODUCTS_DIR)/RupeshContactsApp.app/RupeshContactsApp";
			};
			name = Release;
		};
		77EF0BB82462F3E400303EBF /* Debug */ = {
			isa = XCBuildConfiguration;
			buildSettings = {
				ALWAYS_SEARCH_USER_PATHS = NO;
				CLANG_ANALYZER_LOCALIZABILITY_NONLOCALIZED = YES;
				CLANG_ANALYZER_NONNULL = YES;
				CLANG_ANALYZER_NUMBER_OBJECT_CONVERSION = YES_AGGRESSIVE;
				CLANG_CXX_LANGUAGE_STANDARD = "gnu++14";
				CLANG_CXX_LIBRARY = "libc++";
				CLANG_ENABLE_MODULES = YES;
				CLANG_ENABLE_OBJC_ARC = YES;
				CLANG_ENABLE_OBJC_WEAK = YES;
				CLANG_WARN_BLOCK_CAPTURE_AUTORELEASING = YES;
				CLANG_WARN_BOOL_CONVERSION = YES;
				CLANG_WARN_COMMA = YES;
				CLANG_WARN_CONSTANT_CONVERSION = YES;
				CLANG_WARN_DEPRECATED_OBJC_IMPLEMENTATIONS = YES;
				CLANG_WARN_DIRECT_OBJC_ISA_USAGE = YES_ERROR;
				CLANG_WARN_DOCUMENTATION_COMMENTS = YES;
				CLANG_WARN_EMPTY_BODY = YES;
				CLANG_WARN_ENUM_CONVERSION = YES;
				CLANG_WARN_INFINITE_RECURSION = YES;
				CLANG_WARN_INT_CONVERSION = YES;
				CLANG_WARN_NON_LITERAL_NULL_CONVERSION = YES;
				CLANG_WARN_OBJC_IMPLICIT_RETAIN_SELF = YES;
				CLANG_WARN_OBJC_LITERAL_CONVERSION = YES;
				CLANG_WARN_OBJC_ROOT_CLASS = YES_ERROR;
				CLANG_WARN_QUOTED_INCLUDE_IN_FRAMEWORK_HEADER = YES;
				CLANG_WARN_RANGE_LOOP_ANALYSIS = YES;
				CLANG_WARN_STRICT_PROTOTYPES = YES;
				CLANG_WARN_SUSPICIOUS_MOVE = YES;
				CLANG_WARN_UNGUARDED_AVAILABILITY = YES_AGGRESSIVE;
				CLANG_WARN_UNREACHABLE_CODE = YES;
				CLANG_WARN__DUPLICATE_METHOD_MATCH = YES;
				COPY_PHASE_STRIP = NO;
				CURRENT_PROJECT_VERSION = "$(buildNumber)";
				DEBUG_INFORMATION_FORMAT = dwarf;
				ENABLE_STRICT_OBJC_MSGSEND = YES;
				ENABLE_TESTABILITY = YES;
				GCC_C_LANGUAGE_STANDARD = gnu11;
				GCC_DYNAMIC_NO_PIC = NO;
				GCC_NO_COMMON_BLOCKS = YES;
				GCC_OPTIMIZATION_LEVEL = 0;
				GCC_PREPROCESSOR_DEFINITIONS = (
					"DEBUG=1",
					"$(inherited)",
				);
				GCC_WARN_64_TO_32_BIT_CONVERSION = YES;
				GCC_WARN_ABOUT_RETURN_TYPE = YES_ERROR;
				GCC_WARN_UNDECLARED_SELECTOR = YES;
				GCC_WARN_UNINITIALIZED_AUTOS = YES_AGGRESSIVE;
				GCC_WARN_UNUSED_FUNCTION = YES;
				GCC_WARN_UNUSED_VARIABLE = YES;
				IPHONEOS_DEPLOYMENT_TARGET = 12.0;
				MARKETING_VERSION = "$(VersionNumber)";
				MTL_ENABLE_DEBUG_INFO = INCLUDE_SOURCE;
				MTL_FAST_MATH = YES;
				ONLY_ACTIVE_ARCH = YES;
				SDKROOT = iphoneos;
				SWIFT_ACTIVE_COMPILATION_CONDITIONS = DEBUG;
				SWIFT_OPTIMIZATION_LEVEL = "-Onone";
				VersionNumber = 0.1;
				buildNumber = 0100;
			};
			name = Debug;
		};
		77EF0BB92462F3E400303EBF /* Release */ = {
			isa = XCBuildConfiguration;
			buildSettings = {
				ALWAYS_SEARCH_USER_PATHS = NO;
				CLANG_ANALYZER_LOCALIZABILITY_NONLOCALIZED = YES;
				CLANG_ANALYZER_NONNULL = YES;
				CLANG_ANALYZER_NUMBER_OBJECT_CONVERSION = YES_AGGRESSIVE;
				CLANG_CXX_LANGUAGE_STANDARD = "gnu++14";
				CLANG_CXX_LIBRARY = "libc++";
				CLANG_ENABLE_MODULES = YES;
				CLANG_ENABLE_OBJC_ARC = YES;
				CLANG_ENABLE_OBJC_WEAK = YES;
				CLANG_WARN_BLOCK_CAPTURE_AUTORELEASING = YES;
				CLANG_WARN_BOOL_CONVERSION = YES;
				CLANG_WARN_COMMA = YES;
				CLANG_WARN_CONSTANT_CONVERSION = YES;
				CLANG_WARN_DEPRECATED_OBJC_IMPLEMENTATIONS = YES;
				CLANG_WARN_DIRECT_OBJC_ISA_USAGE = YES_ERROR;
				CLANG_WARN_DOCUMENTATION_COMMENTS = YES;
				CLANG_WARN_EMPTY_BODY = YES;
				CLANG_WARN_ENUM_CONVERSION = YES;
				CLANG_WARN_INFINITE_RECURSION = YES;
				CLANG_WARN_INT_CONVERSION = YES;
				CLANG_WARN_NON_LITERAL_NULL_CONVERSION = YES;
				CLANG_WARN_OBJC_IMPLICIT_RETAIN_SELF = YES;
				CLANG_WARN_OBJC_LITERAL_CONVERSION = YES;
				CLANG_WARN_OBJC_ROOT_CLASS = YES_ERROR;
				CLANG_WARN_QUOTED_INCLUDE_IN_FRAMEWORK_HEADER = YES;
				CLANG_WARN_RANGE_LOOP_ANALYSIS = YES;
				CLANG_WARN_STRICT_PROTOTYPES = YES;
				CLANG_WARN_SUSPICIOUS_MOVE = YES;
				CLANG_WARN_UNGUARDED_AVAILABILITY = YES_AGGRESSIVE;
				CLANG_WARN_UNREACHABLE_CODE = YES;
				CLANG_WARN__DUPLICATE_METHOD_MATCH = YES;
				COPY_PHASE_STRIP = NO;
				CURRENT_PROJECT_VERSION = "$(buildNumber)";
				DEBUG_INFORMATION_FORMAT = "dwarf-with-dsym";
				ENABLE_NS_ASSERTIONS = NO;
				ENABLE_STRICT_OBJC_MSGSEND = YES;
				GCC_C_LANGUAGE_STANDARD = gnu11;
				GCC_NO_COMMON_BLOCKS = YES;
				GCC_WARN_64_TO_32_BIT_CONVERSION = YES;
				GCC_WARN_ABOUT_RETURN_TYPE = YES_ERROR;
				GCC_WARN_UNDECLARED_SELECTOR = YES;
				GCC_WARN_UNINITIALIZED_AUTOS = YES_AGGRESSIVE;
				GCC_WARN_UNUSED_FUNCTION = YES;
				GCC_WARN_UNUSED_VARIABLE = YES;
				IPHONEOS_DEPLOYMENT_TARGET = 12.0;
				MARKETING_VERSION = "$(VersionNumber)";
				MTL_ENABLE_DEBUG_INFO = NO;
				MTL_FAST_MATH = YES;
				SDKROOT = iphoneos;
				SWIFT_COMPILATION_MODE = wholemodule;
				SWIFT_OPTIMIZATION_LEVEL = "-O";
				VALIDATE_PRODUCT = YES;
				VersionNumber = 0.1;
				buildNumber = 0100;
			};
			name = Release;
		};
		77EF0BBB2462F3E400303EBF /* Debug */ = {
			isa = XCBuildConfiguration;
			buildSettings = {
				ASSETCATALOG_COMPILER_APPICON_NAME = AppIcon;
				CODE_SIGN_STYLE = Automatic;
				DEVELOPMENT_TEAM = 4H66523H45;
				INFOPLIST_FILE = RupeshContactsApp/Info.plist;
				LD_RUNPATH_SEARCH_PATHS = (
					"$(inherited)",
					"@executable_path/Frameworks",
				);
				PRODUCT_BUNDLE_IDENTIFIER = com.rupesh.edu.RupeshContactsApp;
				PRODUCT_NAME = "$(TARGET_NAME)";
				SWIFT_VERSION = 5.0;
				TARGETED_DEVICE_FAMILY = "1,2";
			};
			name = Debug;
		};
		77EF0BBC2462F3E400303EBF /* Release */ = {
			isa = XCBuildConfiguration;
			buildSettings = {
				ASSETCATALOG_COMPILER_APPICON_NAME = AppIcon;
				CODE_SIGN_STYLE = Automatic;
				DEVELOPMENT_TEAM = 4H66523H45;
				INFOPLIST_FILE = RupeshContactsApp/Info.plist;
				LD_RUNPATH_SEARCH_PATHS = (
					"$(inherited)",
					"@executable_path/Frameworks",
				);
				PRODUCT_BUNDLE_IDENTIFIER = com.rupesh.edu.RupeshContactsApp;
				PRODUCT_NAME = "$(TARGET_NAME)";
				SWIFT_VERSION = 5.0;
				TARGETED_DEVICE_FAMILY = "1,2";
			};
			name = Release;
		};
/* End XCBuildConfiguration section */

/* Begin XCConfigurationList section */
		77C8203627CCFFFB00793443 /* Build configuration list for PBXNativeTarget "RupeshContactsAppTests" */ = {
			isa = XCConfigurationList;
			buildConfigurations = (
				77C8203727CCFFFB00793443 /* Debug */,
				77C8203827CCFFFB00793443 /* Release */,
			);
			defaultConfigurationIsVisible = 0;
			defaultConfigurationName = Release;
		};
		77EF0BA12462F3E200303EBF /* Build configuration list for PBXProject "RupeshContactsApp" */ = {
			isa = XCConfigurationList;
			buildConfigurations = (
				77EF0BB82462F3E400303EBF /* Debug */,
				77EF0BB92462F3E400303EBF /* Release */,
			);
			defaultConfigurationIsVisible = 0;
			defaultConfigurationName = Release;
		};
		77EF0BBA2462F3E400303EBF /* Build configuration list for PBXNativeTarget "RupeshContactsApp" */ = {
			isa = XCConfigurationList;
			buildConfigurations = (
				77EF0BBB2462F3E400303EBF /* Debug */,
				77EF0BBC2462F3E400303EBF /* Release */,
			);
			defaultConfigurationIsVisible = 0;
			defaultConfigurationName = Release;
		};
/* End XCConfigurationList section */

/* Begin XCVersionGroup section */
		772F99ED27D12A3F00482D26 /* RupeshContactsApp.xcdatamodeld */ = {
			isa = XCVersionGroup;
			children = (
				772F8A0527D2C0FF00984A19 /* RupeshContactsApp 2.xcdatamodel */,
				772F99EE27D12A3F00482D26 /* RupeshContactsApp.xcdatamodel */,
			);
			currentVersion = 772F8A0527D2C0FF00984A19 /* RupeshContactsApp 2.xcdatamodel */;
			name = RupeshContactsApp.xcdatamodeld;
			path = ../../../RupeshContactsapp/CoreData/CoreDataModel/RupeshContactsApp.xcdatamodeld;
			sourceTree = "<group>";
			versionGroupType = wrapper.xcdatamodel;
		};
/* End XCVersionGroup section */
	};
	rootObject = 77EF0B9E2462F3E200303EBF /* Project object */;
}
