// !$*UTF8*$!
{
	archiveVersion = 1;
	classes = {
	};
	objectVersion = 50;
	objects = {

/* Begin PBXBuildFile section */
		77EF0BAA2462F3E200303EBF /* AppDelegate.swift in Sources */ = {isa = PBXBuildFile; fileRef = 77EF0BA92462F3E200303EBF /* AppDelegate.swift */; };
		77EF0BAC2462F3E200303EBF /* SceneDelegate.swift in Sources */ = {isa = PBXBuildFile; fileRef = 77EF0BAB2462F3E200303EBF /* SceneDelegate.swift */; };
		77EF0BAE2462F3E200303EBF /* ViewController.swift in Sources */ = {isa = PBXBuildFile; fileRef = 77EF0BAD2462F3E200303EBF /* ViewController.swift */; };
		77EF0BB12462F3E200303EBF /* Main.storyboard in Resources */ = {isa = PBXBuildFile; fileRef = 77EF0BAF2462F3E200303EBF /* Main.storyboard */; };
		77EF0BB32462F3E400303EBF /* Assets.xcassets in Resources */ = {isa = PBXBuildFile; fileRef = 77EF0BB22462F3E400303EBF /* Assets.xcassets */; };
		77EF0BB62462F3E400303EBF /* LaunchScreen.storyboard in Resources */ = {isa = PBXBuildFile; fileRef = 77EF0BB42462F3E400303EBF /* LaunchScreen.storyboard */; };
/* End PBXBuildFile section */

/* Begin PBXFileReference section */
		77EF0BA62462F3E200303EBF /* RupeshContactsApp.app */ = {isa = PBXFileReference; explicitFileType = wrapper.application; includeInIndex = 0; path = RupeshContactsApp.app; sourceTree = BUILT_PRODUCTS_DIR; };
		77EF0BA92462F3E200303EBF /* AppDelegate.swift */ = {isa = PBXFileReference; lastKnownFileType = sourcecode.swift; path = AppDelegate.swift; sourceTree = "<group>"; };
		77EF0BAB2462F3E200303EBF /* SceneDelegate.swift */ = {isa = PBXFileReference; lastKnownFileType = sourcecode.swift; path = SceneDelegate.swift; sourceTree = "<group>"; };
		77EF0BAD2462F3E200303EBF /* ViewController.swift */ = {isa = PBXFileReference; lastKnownFileType = sourcecode.swift; path = ViewController.swift; sourceTree = "<group>"; };
		77EF0BB02462F3E200303EBF /* Base */ = {isa = PBXFileReference; lastKnownFileType = file.storyboard; name = Base; path = Base.lproj/Main.storyboard; sourceTree = "<group>"; };
		77EF0BB22462F3E400303EBF /* Assets.xcassets */ = {isa = PBXFileReference; lastKnownFileType = folder.assetcatalog; path = Assets.xcassets; sourceTree = "<group>"; };
		77EF0BB52462F3E400303EBF /* Base */ = {isa = PBXFileReference; lastKnownFileType = file.storyboard; name = Base; path = Base.lproj/LaunchScreen.storyboard; sourceTree = "<group>"; };
		77EF0BB72462F3E400303EBF /* Info.plist */ = {isa = PBXFileReference; lastKnownFileType = text.plist.xml; path = Info.plist; sourceTree = "<group>"; };
/* End PBXFileReference section */

/* Begin PBXFrameworksBuildPhase section */
		77EF0BA32462F3E200303EBF /* Frameworks */ = {
			isa = PBXFrameworksBuildPhase;
			buildActionMask = 2147483647;
			files = (
			);
			runOnlyForDeploymentPostprocessing = 0;
		};
/* End PBXFrameworksBuildPhase section */

/* Begin PBXGroup section */
		77EF0B9D2462F3E200303EBF = {
			isa = PBXGroup;
			children = (
				77EF0BA82462F3E200303EBF /* RupeshContactsApp */,
				77EF0BA72462F3E200303EBF /* Products */,
			);
			sourceTree = "<group>";
		};
		77EF0BA72462F3E200303EBF /* Products */ = {
			isa = PBXGroup;
			children = (
				77EF0BA62462F3E200303EBF /* RupeshContactsApp.app */,
			);
			name = Products;
			sourceTree = "<group>";
		};
		77EF0BA82462F3E200303EBF /* RupeshContactsApp */ = {
			isa = PBXGroup;
			children = (
				77EF0BA92462F3E200303EBF /* AppDelegate.swift */,
				77EF0BAB2462F3E200303EBF /* SceneDelegate.swift */,
				77EF0BAD2462F3E200303EBF /* ViewController.swift */,
				77EF0BAF2462F3E200303EBF /* Main.storyboard */,
				77EF0BB22462F3E400303EBF /* Assets.xcassets */,
				77EF0BB42462F3E400303EBF /* LaunchScreen.storyboard */,
				77EF0BB72462F3E400303EBF /* Info.plist */,
			);
			path = RupeshContactsApp;
			sourceTree = "<group>";
		};
/* End PBXGroup section */

/* Begin PBXNativeTarget section */
		77EF0BA52462F3E200303EBF /* RupeshContactsApp */ = {
			isa = PBXNativeTarget;
			buildConfigurationList = 77EF0BBA2462F3E400303EBF /* Build configuration list for PBXNativeTarget "RupeshContactsApp" */;
			buildPhases = (
				77EF0BA22462F3E200303EBF /* Sources */,
				77EF0BA32462F3E200303EBF /* Frameworks */,
				77EF0BA42462F3E200303EBF /* Resources */,
			);
			buildRules = (
			);
			dependencies = (
			);
			name = RupeshContactsApp;
			productName = RupeshContactsApp;
			productReference = 77EF0BA62462F3E200303EBF /* RupeshContactsApp.app */;
			productType = "com.apple.product-type.application";
		};
/* End PBXNativeTarget section */

/* Begin PBXProject section */
		77EF0B9E2462F3E200303EBF /* Project object */ = {
			isa = PBXProject;
			attributes = {
				LastSwiftUpdateCheck = 1140;
				LastUpgradeCheck = 1140;
				ORGANIZATIONNAME = "rupesh-6878";
				TargetAttributes = {
					77EF0BA52462F3E200303EBF = {
						CreatedOnToolsVersion = 11.4.1;
					};
				};
			};
			buildConfigurationList = 77EF0BA12462F3E200303EBF /* Build configuration list for PBXProject "RupeshContactsApp" */;
			compatibilityVersion = "Xcode 9.3";
			developmentRegion = en;
			hasScannedForEncodings = 0;
			knownRegions = (
				en,
				Base,
			);
			mainGroup = 77EF0B9D2462F3E200303EBF;
			productRefGroup = 77EF0BA72462F3E200303EBF /* Products */;
			projectDirPath = "";
			projectRoot = "";
			targets = (
				77EF0BA52462F3E200303EBF /* RupeshContactsApp */,
			);
		};
/* End PBXProject section */

/* Begin PBXResourcesBuildPhase section */
		77EF0BA42462F3E200303EBF /* Resources */ = {
			isa = PBXResourcesBuildPhase;
			buildActionMask = 2147483647;
			files = (
				77EF0BB62462F3E400303EBF /* LaunchScreen.storyboard in Resources */,
				77EF0BB32462F3E400303EBF /* Assets.xcassets in Resources */,
				77EF0BB12462F3E200303EBF /* Main.storyboard in Resources */,
			);
			runOnlyForDeploymentPostprocessing = 0;
		};
/* End PBXResourcesBuildPhase section */

/* Begin PBXSourcesBuildPhase section */
		77EF0BA22462F3E200303EBF /* Sources */ = {
			isa = PBXSourcesBuildPhase;
			buildActionMask = 2147483647;
			files = (
				77EF0BAE2462F3E200303EBF /* ViewController.swift in Sources */,
				77EF0BAA2462F3E200303EBF /* AppDelegate.swift in Sources */,
				77EF0BAC2462F3E200303EBF /* SceneDelegate.swift in Sources */,
			);
			runOnlyForDeploymentPostprocessing = 0;
		};
/* End PBXSourcesBuildPhase section */

/* Begin PBXVariantGroup section */
		77EF0BAF2462F3E200303EBF /* Main.storyboard */ = {
			isa = PBXVariantGroup;
			children = (
				77EF0BB02462F3E200303EBF /* Base */,
			);
			name = Main.storyboard;
			sourceTree = "<group>";
		};
		77EF0BB42462F3E400303EBF /* LaunchScreen.storyboard */ = {
			isa = PBXVariantGroup;
			children = (
				77EF0BB52462F3E400303EBF /* Base */,
			);
			name = LaunchScreen.storyboard;
			sourceTree = "<group>";
		};
/* End PBXVariantGroup section */

/* Begin XCBuildConfiguration section */
		77EF0BB82462F3E400303EBF /* Debug */ = {
			isa = XCBuildConfiguration;
			buildSettings = {
				ALWAYS_SEARCH_USER_PATHS = NO;
				CLANG_ANALYZER_NONNULL = YES;
				CLANG_ANALYZER_NUMBER_OBJECT_CONVERSION = YES_AGGRESSIVE;
				CLANG_CXX_LANGUAGE_STANDARD = "gnu++14";
				CLANG_CXX_LIBRARY = "libc++";
				CLANG_ENABLE_MODULES = YES;
				CLANG_ENABLE_OBJC_ARC = YES;
				CLANG_ENABLE_OBJC_WEAK = YES;
				CLANG_WARN_BLOCK_CAPTURE_AUTORELEASING = YES;
				CLANG_WARN_BOOL_CONVERSION = YES;
				CLANG_WARN_COMMA = YES;
				CLANG_WARN_CONSTANT_CONVERSION = YES;
				CLANG_WARN_DEPRECATED_OBJC_IMPLEMENTATIONS = YES;
				CLANG_WARN_DIRECT_OBJC_ISA_USAGE = YES_ERROR;
				CLANG_WARN_DOCUMENTATION_COMMENTS = YES;
				CLANG_WARN_EMPTY_BODY = YES;
				CLANG_WARN_ENUM_CONVERSION = YES;
				CLANG_WARN_INFINITE_RECURSION = YES;
				CLANG_WARN_INT_CONVERSION = YES;
				CLANG_WARN_NON_LITERAL_NULL_CONVERSION = YES;
				CLANG_WARN_OBJC_IMPLICIT_RETAIN_SELF = YES;
				CLANG_WARN_OBJC_LITERAL_CONVERSION = YES;
				CLANG_WARN_OBJC_ROOT_CLASS = YES_ERROR;
				CLANG_WARN_RANGE_LOOP_ANALYSIS = YES;
				CLANG_WARN_STRICT_PROTOTYPES = YES;
				CLANG_WARN_SUSPICIOUS_MOVE = YES;
				CLANG_WARN_UNGUARDED_AVAILABILITY = YES_AGGRESSIVE;
				CLANG_WARN_UNREACHABLE_CODE = YES;
				CLANG_WARN__DUPLICATE_METHOD_MATCH = YES;
				COPY_PHASE_STRIP = NO;
				DEBUG_INFORMATION_FORMAT = dwarf;
				ENABLE_STRICT_OBJC_MSGSEND = YES;
				ENABLE_TESTABILITY = YES;
				GCC_C_LANGUAGE_STANDARD = gnu11;
				GCC_DYNAMIC_NO_PIC = NO;
				GCC_NO_COMMON_BLOCKS = YES;
				GCC_OPTIMIZATION_LEVEL = 0;
				GCC_PREPROCESSOR_DEFINITIONS = (
					"DEBUG=1",
					"$(inherited)",
				);
				GCC_WARN_64_TO_32_BIT_CONVERSION = YES;
				GCC_WARN_ABOUT_RETURN_TYPE = YES_ERROR;
				GCC_WARN_UNDECLARED_SELECTOR = YES;
				GCC_WARN_UNINITIALIZED_AUTOS = YES_AGGRESSIVE;
				GCC_WARN_UNUSED_FUNCTION = YES;
				GCC_WARN_UNUSED_VARIABLE = YES;
				IPHONEOS_DEPLOYMENT_TARGET = 13.4;
				MTL_ENABLE_DEBUG_INFO = INCLUDE_SOURCE;
				MTL_FAST_MATH = YES;
				ONLY_ACTIVE_ARCH = YES;
				SDKROOT = iphoneos;
				SWIFT_ACTIVE_COMPILATION_CONDITIONS = DEBUG;
				SWIFT_OPTIMIZATION_LEVEL = "-Onone";
			};
			name = Debug;
		};
		77EF0BB92462F3E400303EBF /* Release */ = {
			isa = XCBuildConfiguration;
			buildSettings = {
				ALWAYS_SEARCH_USER_PATHS = NO;
				CLANG_ANALYZER_NONNULL = YES;
				CLANG_ANALYZER_NUMBER_OBJECT_CONVERSION = YES_AGGRESSIVE;
				CLANG_CXX_LANGUAGE_STANDARD = "gnu++14";
				CLANG_CXX_LIBRARY = "libc++";
				CLANG_ENABLE_MODULES = YES;
				CLANG_ENABLE_OBJC_ARC = YES;
				CLANG_ENABLE_OBJC_WEAK = YES;
				CLANG_WARN_BLOCK_CAPTURE_AUTORELEASING = YES;
				CLANG_WARN_BOOL_CONVERSION = YES;
				CLANG_WARN_COMMA = YES;
				CLANG_WARN_CONSTANT_CONVERSION = YES;
				CLANG_WARN_DEPRECATED_OBJC_IMPLEMENTATIONS = YES;
				CLANG_WARN_DIRECT_OBJC_ISA_USAGE = YES_ERROR;
				CLANG_WARN_DOCUMENTATION_COMMENTS = YES;
				CLANG_WARN_EMPTY_BODY = YES;
				CLANG_WARN_ENUM_CONVERSION = YES;
				CLANG_WARN_INFINITE_RECURSION = YES;
				CLANG_WARN_INT_CONVERSION = YES;
				CLANG_WARN_NON_LITERAL_NULL_CONVERSION = YES;
				CLANG_WARN_OBJC_IMPLICIT_RETAIN_SELF = YES;
				CLANG_WARN_OBJC_LITERAL_CONVERSION = YES;
				CLANG_WARN_OBJC_ROOT_CLASS = YES_ERROR;
				CLANG_WARN_RANGE_LOOP_ANALYSIS = YES;
				CLANG_WARN_STRICT_PROTOTYPES = YES;
				CLANG_WARN_SUSPICIOUS_MOVE = YES;
				CLANG_WARN_UNGUARDED_AVAILABILITY = YES_AGGRESSIVE;
				CLANG_WARN_UNREACHABLE_CODE = YES;
				CLANG_WARN__DUPLICATE_METHOD_MATCH = YES;
				COPY_PHASE_STRIP = NO;
				DEBUG_INFORMATION_FORMAT = "dwarf-with-dsym";
				ENABLE_NS_ASSERTIONS = NO;
				ENABLE_STRICT_OBJC_MSGSEND = YES;
				GCC_C_LANGUAGE_STANDARD = gnu11;
				GCC_NO_COMMON_BLOCKS = YES;
				GCC_WARN_64_TO_32_BIT_CONVERSION = YES;
				GCC_WARN_ABOUT_RETURN_TYPE = YES_ERROR;
				GCC_WARN_UNDECLARED_SELECTOR = YES;
				GCC_WARN_UNINITIALIZED_AUTOS = YES_AGGRESSIVE;
				GCC_WARN_UNUSED_FUNCTION = YES;
				GCC_WARN_UNUSED_VARIABLE = YES;
				IPHONEOS_DEPLOYMENT_TARGET = 13.4;
				MTL_ENABLE_DEBUG_INFO = NO;
				MTL_FAST_MATH = YES;
				SDKROOT = iphoneos;
				SWIFT_COMPILATION_MODE = wholemodule;
				SWIFT_OPTIMIZATION_LEVEL = "-O";
				VALIDATE_PRODUCT = YES;
			};
			name = Release;
		};
		77EF0BBB2462F3E400303EBF /* Debug */ = {
			isa = XCBuildConfiguration;
			buildSettings = {
				ASSETCATALOG_COMPILER_APPICON_NAME = AppIcon;
				CODE_SIGN_STYLE = Automatic;
				INFOPLIST_FILE = RupeshContactsApp/Info.plist;
				LD_RUNPATH_SEARCH_PATHS = (
					"$(inherited)",
					"@executable_path/Frameworks",
				);
				PRODUCT_BUNDLE_IDENTIFIER = com.rupesh.edu.RupeshContactsApp;
				PRODUCT_NAME = "$(TARGET_NAME)";
				SWIFT_VERSION = 5.0;
				TARGETED_DEVICE_FAMILY = "1,2";
			};
			name = Debug;
		};
		77EF0BBC2462F3E400303EBF /* Release */ = {
			isa = XCBuildConfiguration;
			buildSettings = {
				ASSETCATALOG_COMPILER_APPICON_NAME = AppIcon;
				CODE_SIGN_STYLE = Automatic;
				INFOPLIST_FILE = RupeshContactsApp/Info.plist;
				LD_RUNPATH_SEARCH_PATHS = (
					"$(inherited)",
					"@executable_path/Frameworks",
				);
				PRODUCT_BUNDLE_IDENTIFIER = com.rupesh.edu.RupeshContactsApp;
				PRODUCT_NAME = "$(TARGET_NAME)";
				SWIFT_VERSION = 5.0;
				TARGETED_DEVICE_FAMILY = "1,2";
			};
			name = Release;
		};
/* End XCBuildConfiguration section */

/* Begin XCConfigurationList section */
		77EF0BA12462F3E200303EBF /* Build configuration list for PBXProject "RupeshContactsApp" */ = {
			isa = XCConfigurationList;
			buildConfigurations = (
				77EF0BB82462F3E400303EBF /* Debug */,
				77EF0BB92462F3E400303EBF /* Release */,
			);
			defaultConfigurationIsVisible = 0;
			defaultConfigurationName = Release;
		};
		77EF0BBA2462F3E400303EBF /* Build configuration list for PBXNativeTarget "RupeshContactsApp" */ = {
			isa = XCConfigurationList;
			buildConfigurations = (
				77EF0BBB2462F3E400303EBF /* Debug */,
				77EF0BBC2462F3E400303EBF /* Release */,
			);
			defaultConfigurationIsVisible = 0;
			defaultConfigurationName = Release;
		};
/* End XCConfigurationList section */
	};
	rootObject = 77EF0B9E2462F3E200303EBF /* Project object */;
}
